
Microsoft Visual Studio Solution File, Format Version 12.00
Project("{FAE04EC0-301F-11D3-BF4B-00C04F79EFBC}") = "Test", "Test.csproj", "{463C9EC5-8189-46D3-936B-D23E880A54AF}"
EndProject
Global
	GlobalSection(SolutionConfigurationPlatforms) = preSolution
		Debug|Any CPU = Debug|Any CPU
		Release|Any CPU = Release|Any CPU
	EndGlobalSection
	GlobalSection(ProjectConfigurationPlatforms) = postSolution
		{463C9EC5-8189-46D3-936B-D23E880A54AF}.Debug|Any CPU.ActiveCfg = Debug|Any CPU
		{463C9EC5-8189-46D3-936B-D23E880A54AF}.Debug|Any CPU.Build.0 = Debug|Any CPU
		{463C9EC5-8189-46D3-936B-D23E880A54AF}.Release|Any CPU.ActiveCfg = Release|Any CPU
		{463C9EC5-8189-46D3-936B-D23E880A54AF}.Release|Any CPU.Build.0 = Release|Any CPU
	EndGlobalSection
EndGlobal
